
Microsoft Visual Studio Solution File, Format Version 12.00
# Visual Studio 2013
VisualStudioVersion = 12.0.31101.0
MinimumVisualStudioVersion = 10.0.40219.1
Project("{FAE04EC0-301F-11D3-BF4B-00C04F79EFBC}") = "WPInfo", "WPInfo\WPInfo.csproj", "{F9730BDF-3F67-4432-A6BD-02310EEB7C7D}"
EndProject
Project("{2150E333-8FDC-42A3-9474-1A3956D46DE8}") = "Solution Items", "Solution Items", "{62AEB3DB-7CC8-49AC-93C4-07CED2E1830E}"
	ProjectSection(SolutionItems) = preProject
		README.md = README.md
	EndProjectSection
EndProject
Global
	GlobalSection(SolutionConfigurationPlatforms) = preSolution
		Debug|Any CPU = Debug|Any CPU
		Debug|x86 = Debug|x86
		Release|Any CPU = Release|Any CPU
		Release|x86 = Release|x86
	EndGlobalSection
	GlobalSection(ProjectConfigurationPlatforms) = postSolution
		{F9730BDF-3F67-4432-A6BD-02310EEB7C7D}.Debug|Any CPU.ActiveCfg = Debug|Any CPU
		{F9730BDF-3F67-4432-A6BD-02310EEB7C7D}.Debug|Any CPU.Build.0 = Debug|Any CPU
		{F9730BDF-3F67-4432-A6BD-02310EEB7C7D}.Debug|x86.ActiveCfg = Debug|x86
		{F9730BDF-3F67-4432-A6BD-02310EEB7C7D}.Debug|x86.Build.0 = Debug|x86
		{F9730BDF-3F67-4432-A6BD-02310EEB7C7D}.Release|Any CPU.ActiveCfg = Release|Any CPU
		{F9730BDF-3F67-4432-A6BD-02310EEB7C7D}.Release|Any CPU.Build.0 = Release|Any CPU
		{F9730BDF-3F67-4432-A6BD-02310EEB7C7D}.Release|x86.ActiveCfg = Release|x86
		{F9730BDF-3F67-4432-A6BD-02310EEB7C7D}.Release|x86.Build.0 = Release|x86
	EndGlobalSection
	GlobalSection(SolutionProperties) = preSolution
		HideSolutionNode = FALSE
	EndGlobalSection
	GlobalSection(SubversionScc) = preSolution
		Svn-Managed = True
		Manager = AnkhSVN - Subversion Support for Visual Studio
	EndGlobalSection
EndGlobal
